
Microsoft Visual Studio Solution File, Format Version 12.00
Project("{FAE04EC0-301F-11D3-BF4B-00C04F79EFBC}") = "ShoppingCart", "ShoppingCart\ShoppingCart.csproj", "{49AE141C-7BDF-47B6-A04A-59FA7B6C8F53}"
EndProject
Project("{FAE04EC0-301F-11D3-BF4B-00C04F79EFBC}") = "ShoppingCart.UnitTests", "ShoppingCart.UnitTests\ShoppingCart.UnitTests.csproj", "{12B69213-4637-4D11-A997-42857F057A0C}"
EndProject
Global
	GlobalSection(SolutionConfigurationPlatforms) = preSolution
		Debug|Any CPU = Debug|Any CPU
		Release|Any CPU = Release|Any CPU
	EndGlobalSection
	GlobalSection(ProjectConfigurationPlatforms) = postSolution
		{49AE141C-7BDF-47B6-A04A-59FA7B6C8F53}.Debug|Any CPU.ActiveCfg = Debug|Any CPU
		{49AE141C-7BDF-47B6-A04A-59FA7B6C8F53}.Debug|Any CPU.Build.0 = Debug|Any CPU
		{49AE141C-7BDF-47B6-A04A-59FA7B6C8F53}.Release|Any CPU.ActiveCfg = Release|Any CPU
		{49AE141C-7BDF-47B6-A04A-59FA7B6C8F53}.Release|Any CPU.Build.0 = Release|Any CPU
		{12B69213-4637-4D11-A997-42857F057A0C}.Debug|Any CPU.ActiveCfg = Debug|Any CPU
		{12B69213-4637-4D11-A997-42857F057A0C}.Debug|Any CPU.Build.0 = Debug|Any CPU
		{12B69213-4637-4D11-A997-42857F057A0C}.Release|Any CPU.ActiveCfg = Release|Any CPU
		{12B69213-4637-4D11-A997-42857F057A0C}.Release|Any CPU.Build.0 = Release|Any CPU
	EndGlobalSection
EndGlobal
